
Microsoft Visual Studio Solution File, Format Version 12.00
# Visual Studio 15
VisualStudioVersion = 15.0.27004.2005
MinimumVisualStudioVersion = 10.0.40219.1
Project("{E24C65DC-7377-472B-9ABA-BC803B73C61A}") = "MSHLSFHIRSampleUI", ".", "{BAE2B4FB-8810-4CF9-9485-ADA596FD2A94}"
	ProjectSection(WebsiteProperties) = preProject
		TargetFrameworkMoniker = ".NETFramework,Version%3Dv4.0"
		Debug.AspNetCompiler.VirtualPath = "/localhost_51159"
		Debug.AspNetCompiler.PhysicalPath = "..\MSHLSFHIRSampleUI\"
		Debug.AspNetCompiler.TargetPath = "PrecompiledWeb\localhost_51159\"
		Debug.AspNetCompiler.Updateable = "true"
		Debug.AspNetCompiler.ForceOverwrite = "true"
		Debug.AspNetCompiler.FixedNames = "false"
		Debug.AspNetCompiler.Debug = "True"
		Release.AspNetCompiler.VirtualPath = "/localhost_51159"
		Release.AspNetCompiler.PhysicalPath = "..\MSHLSFHIRSampleUI\"
		Release.AspNetCompiler.TargetPath = "PrecompiledWeb\localhost_51159\"
		Release.AspNetCompiler.Updateable = "true"
		Release.AspNetCompiler.ForceOverwrite = "true"
		Release.AspNetCompiler.FixedNames = "false"
		Release.AspNetCompiler.Debug = "False"
		VWDPort = "51159"
		SlnRelativePath = "..\MSHLSFHIRSampleUI\"
	EndProjectSection
EndProject
Global
	GlobalSection(SolutionConfigurationPlatforms) = preSolution
		Debug|Any CPU = Debug|Any CPU
	EndGlobalSection
	GlobalSection(ProjectConfigurationPlatforms) = postSolution
		{BAE2B4FB-8810-4CF9-9485-ADA596FD2A94}.Debug|Any CPU.ActiveCfg = Debug|Any CPU
		{BAE2B4FB-8810-4CF9-9485-ADA596FD2A94}.Debug|Any CPU.Build.0 = Debug|Any CPU
	EndGlobalSection
	GlobalSection(SolutionProperties) = preSolution
		HideSolutionNode = FALSE
	EndGlobalSection
	GlobalSection(ExtensibilityGlobals) = postSolution
		SolutionGuid = {7DFEE8E4-3FE5-4493-B1AF-35C563FFD915}
	EndGlobalSection
EndGlobal
